
Microsoft Visual Studio Solution File, Format Version 12.00
# Visual Studio 15
VisualStudioVersion = 15.0.28010.2041
MinimumVisualStudioVersion = 10.0.40219.1
Project("{FAE04EC0-301F-11D3-BF4B-00C04F79EFBC}") = "SIGAB", "SIGAB\SIGAB.csproj", "{488F2DF5-8E73-4303-A2A0-3EA2FA729409}"
EndProject
Project("{FAE04EC0-301F-11D3-BF4B-00C04F79EFBC}") = "Controles", "Controles\Controles.csproj", "{A7164FAA-8847-4FDA-8D57-D45516AE676D}"
EndProject
Global
	GlobalSection(SolutionConfigurationPlatforms) = preSolution
		Debug|Any CPU = Debug|Any CPU
		Release|Any CPU = Release|Any CPU
	EndGlobalSection
	GlobalSection(ProjectConfigurationPlatforms) = postSolution
		{488F2DF5-8E73-4303-A2A0-3EA2FA729409}.Debug|Any CPU.ActiveCfg = Debug|Any CPU
		{488F2DF5-8E73-4303-A2A0-3EA2FA729409}.Debug|Any CPU.Build.0 = Debug|Any CPU
		{488F2DF5-8E73-4303-A2A0-3EA2FA729409}.Release|Any CPU.ActiveCfg = Release|Any CPU
		{488F2DF5-8E73-4303-A2A0-3EA2FA729409}.Release|Any CPU.Build.0 = Release|Any CPU
		{A7164FAA-8847-4FDA-8D57-D45516AE676D}.Debug|Any CPU.ActiveCfg = Debug|Any CPU
		{A7164FAA-8847-4FDA-8D57-D45516AE676D}.Debug|Any CPU.Build.0 = Debug|Any CPU
		{A7164FAA-8847-4FDA-8D57-D45516AE676D}.Release|Any CPU.ActiveCfg = Release|Any CPU
		{A7164FAA-8847-4FDA-8D57-D45516AE676D}.Release|Any CPU.Build.0 = Release|Any CPU
	EndGlobalSection
	GlobalSection(SolutionProperties) = preSolution
		HideSolutionNode = FALSE
	EndGlobalSection
	GlobalSection(ExtensibilityGlobals) = postSolution
		SolutionGuid = {CB40DDD5-5841-485D-9AE0-2E9D565B4DB3}
	EndGlobalSection
EndGlobal
